// !$*UTF8*$!
{
	archiveVersion = 1;
	classes = {
	};
	objectVersion = 46;
	objects = {

/* Begin PBXBuildFile section */
		727222931BFC380200926B61 /* main.m in Sources */ = {isa = PBXBuildFile; fileRef = 727222921BFC380200926B61 /* main.m */; };
		7272229E1BFC380200926B61 /* Images.xcassets in Resources */ = {isa = PBXBuildFile; fileRef = 7272229D1BFC380200926B61 /* Images.xcassets */; };
		727222A11BFC380200926B61 /* LaunchScreen.xib in Resources */ = {isa = PBXBuildFile; fileRef = 7272229F1BFC380200926B61 /* LaunchScreen.xib */; };
		727222AD1BFC380200926B61 /* HHDemo_PicturesTests.m in Sources */ = {isa = PBXBuildFile; fileRef = 727222AC1BFC380200926B61 /* HHDemo_PicturesTests.m */; };
		727222C81BFC3EF600926B61 /* AppDelegate.m in Sources */ = {isa = PBXBuildFile; fileRef = 727222C01BFC3EF600926B61 /* AppDelegate.m */; };
		727222CB1BFC3EF600926B61 /* HHPicturesViewController.m in Sources */ = {isa = PBXBuildFile; fileRef = 727222C71BFC3EF600926B61 /* HHPicturesViewController.m */; };
		727222D01BFC3F4A00926B61 /* HHPictureCell.m in Sources */ = {isa = PBXBuildFile; fileRef = 727222CE1BFC3F4A00926B61 /* HHPictureCell.m */; };
		727222D11BFC3F4A00926B61 /* HHPictureCell.xib in Resources */ = {isa = PBXBuildFile; fileRef = 727222CF1BFC3F4A00926B61 /* HHPictureCell.xib */; };
		727222D51BFC498000926B61 /* HHPictureModel.m in Sources */ = {isa = PBXBuildFile; fileRef = 727222D41BFC498000926B61 /* HHPictureModel.m */; };
/* End PBXBuildFile section */

/* Begin PBXContainerItemProxy section */
		727222A71BFC380200926B61 /* PBXContainerItemProxy */ = {
			isa = PBXContainerItemProxy;
			containerPortal = 727222851BFC380200926B61 /* Project object */;
			proxyType = 1;
			remoteGlobalIDString = 7272228C1BFC380200926B61;
			remoteInfo = HHDemo_Pictures;
		};
/* End PBXContainerItemProxy section */

/* Begin PBXFileReference section */
		7272228D1BFC380200926B61 /* HHDemo_Pictures.app */ = {isa = PBXFileReference; explicitFileType = wrapper.application; includeInIndex = 0; path = HHDemo_Pictures.app; sourceTree = BUILT_PRODUCTS_DIR; };
		727222911BFC380200926B61 /* Info.plist */ = {isa = PBXFileReference; lastKnownFileType = text.plist.xml; path = Info.plist; sourceTree = "<group>"; };
		727222921BFC380200926B61 /* main.m */ = {isa = PBXFileReference; lastKnownFileType = sourcecode.c.objc; path = main.m; sourceTree = "<group>"; };
		7272229D1BFC380200926B61 /* Images.xcassets */ = {isa = PBXFileReference; lastKnownFileType = folder.assetcatalog; path = Images.xcassets; sourceTree = "<group>"; };
		727222A01BFC380200926B61 /* Base */ = {isa = PBXFileReference; lastKnownFileType = file.xib; name = Base; path = Base.lproj/LaunchScreen.xib; sourceTree = "<group>"; };
		727222A61BFC380200926B61 /* HHDemo_PicturesTests.xctest */ = {isa = PBXFileReference; explicitFileType = wrapper.cfbundle; includeInIndex = 0; path = HHDemo_PicturesTests.xctest; sourceTree = BUILT_PRODUCTS_DIR; };
		727222AB1BFC380200926B61 /* Info.plist */ = {isa = PBXFileReference; lastKnownFileType = text.plist.xml; path = Info.plist; sourceTree = "<group>"; };
		727222AC1BFC380200926B61 /* HHDemo_PicturesTests.m */ = {isa = PBXFileReference; lastKnownFileType = sourcecode.c.objc; path = HHDemo_PicturesTests.m; sourceTree = "<group>"; };
		727222BF1BFC3EF600926B61 /* AppDelegate.h */ = {isa = PBXFileReference; fileEncoding = 4; lastKnownFileType = sourcecode.c.h; path = AppDelegate.h; sourceTree = "<group>"; };
		727222C01BFC3EF600926B61 /* AppDelegate.m */ = {isa = PBXFileReference; fileEncoding = 4; lastKnownFileType = sourcecode.c.objc; path = AppDelegate.m; sourceTree = "<group>"; };
		727222C61BFC3EF600926B61 /* HHPicturesViewController.h */ = {isa = PBXFileReference; fileEncoding = 4; lastKnownFileType = sourcecode.c.h; path = HHPicturesViewController.h; sourceTree = "<group>"; };
		727222C71BFC3EF600926B61 /* HHPicturesViewController.m */ = {isa = PBXFileReference; fileEncoding = 4; lastKnownFileType = sourcecode.c.objc; path = HHPicturesViewController.m; sourceTree = "<group>"; };
		727222CD1BFC3F4A00926B61 /* HHPictureCell.h */ = {isa = PBXFileReference; fileEncoding = 4; lastKnownFileType = sourcecode.c.h; path = HHPictureCell.h; sourceTree = "<group>"; };
		727222CE1BFC3F4A00926B61 /* HHPictureCell.m */ = {isa = PBXFileReference; fileEncoding = 4; lastKnownFileType = sourcecode.c.objc; path = HHPictureCell.m; sourceTree = "<group>"; };
		727222CF1BFC3F4A00926B61 /* HHPictureCell.xib */ = {isa = PBXFileReference; fileEncoding = 4; lastKnownFileType = file.xib; path = HHPictureCell.xib; sourceTree = "<group>"; };
		727222D31BFC498000926B61 /* HHPictureModel.h */ = {isa = PBXFileReference; fileEncoding = 4; lastKnownFileType = sourcecode.c.h; path = HHPictureModel.h; sourceTree = "<group>"; };
		727222D41BFC498000926B61 /* HHPictureModel.m */ = {isa = PBXFileReference; fileEncoding = 4; lastKnownFileType = sourcecode.c.objc; path = HHPictureModel.m; sourceTree = "<group>"; };
/* End PBXFileReference section */

/* Begin PBXFrameworksBuildPhase section */
		7272228A1BFC380200926B61 /* Frameworks */ = {
			isa = PBXFrameworksBuildPhase;
			buildActionMask = 2147483647;
			files = (
			);
			runOnlyForDeploymentPostprocessing = 0;
		};
		727222A31BFC380200926B61 /* Frameworks */ = {
			isa = PBXFrameworksBuildPhase;
			buildActionMask = 2147483647;
			files = (
			);
			runOnlyForDeploymentPostprocessing = 0;
		};
/* End PBXFrameworksBuildPhase section */

/* Begin PBXGroup section */
		727222841BFC380200926B61 = {
			isa = PBXGroup;
			children = (
				7272228F1BFC380200926B61 /* HHDemo_Pictures */,
				727222A91BFC380200926B61 /* HHDemo_PicturesTests */,
				7272228E1BFC380200926B61 /* Products */,
			);
			sourceTree = "<group>";
		};
		7272228E1BFC380200926B61 /* Products */ = {
			isa = PBXGroup;
			children = (
				7272228D1BFC380200926B61 /* HHDemo_Pictures.app */,
				727222A61BFC380200926B61 /* HHDemo_PicturesTests.xctest */,
			);
			name = Products;
			sourceTree = "<group>";
		};
		7272228F1BFC380200926B61 /* HHDemo_Pictures */ = {
			isa = PBXGroup;
			children = (
				727222BE1BFC3EF600926B61 /* AppDelegate */,
				727222C21BFC3EF600926B61 /* Controllers */,
				727222CC1BFC3F4A00926B61 /* Views */,
				727222D21BFC496500926B61 /* Models */,
				7272229D1BFC380200926B61 /* Images.xcassets */,
				7272229F1BFC380200926B61 /* LaunchScreen.xib */,
				727222901BFC380200926B61 /* Supporting Files */,
			);
			path = HHDemo_Pictures;
			sourceTree = "<group>";
		};
		727222901BFC380200926B61 /* Supporting Files */ = {
			isa = PBXGroup;
			children = (
				727222911BFC380200926B61 /* Info.plist */,
				727222921BFC380200926B61 /* main.m */,
			);
			name = "Supporting Files";
			sourceTree = "<group>";
		};
		727222A91BFC380200926B61 /* HHDemo_PicturesTests */ = {
			isa = PBXGroup;
			children = (
				727222AC1BFC380200926B61 /* HHDemo_PicturesTests.m */,
				727222AA1BFC380200926B61 /* Supporting Files */,
			);
			path = HHDemo_PicturesTests;
			sourceTree = "<group>";
		};
		727222AA1BFC380200926B61 /* Supporting Files */ = {
			isa = PBXGroup;
			children = (
				727222AB1BFC380200926B61 /* Info.plist */,
			);
			name = "Supporting Files";
			sourceTree = "<group>";
		};
		727222BE1BFC3EF600926B61 /* AppDelegate */ = {
			isa = PBXGroup;
			children = (
				727222BF1BFC3EF600926B61 /* AppDelegate.h */,
				727222C01BFC3EF600926B61 /* AppDelegate.m */,
			);
			path = AppDelegate;
			sourceTree = "<group>";
		};
		727222C21BFC3EF600926B61 /* Controllers */ = {
			isa = PBXGroup;
			children = (
				727222C61BFC3EF600926B61 /* HHPicturesViewController.h */,
				727222C71BFC3EF600926B61 /* HHPicturesViewController.m */,
			);
			path = Controllers;
			sourceTree = "<group>";
		};
		727222CC1BFC3F4A00926B61 /* Views */ = {
			isa = PBXGroup;
			children = (
				727222CD1BFC3F4A00926B61 /* HHPictureCell.h */,
				727222CE1BFC3F4A00926B61 /* HHPictureCell.m */,
				727222CF1BFC3F4A00926B61 /* HHPictureCell.xib */,
			);
			path = Views;
			sourceTree = "<group>";
		};
		727222D21BFC496500926B61 /* Models */ = {
			isa = PBXGroup;
			children = (
				727222D31BFC498000926B61 /* HHPictureModel.h */,
				727222D41BFC498000926B61 /* HHPictureModel.m */,
			);
			path = Models;
			sourceTree = "<group>";
		};
/* End PBXGroup section */

/* Begin PBXNativeTarget section */
		7272228C1BFC380200926B61 /* HHDemo_Pictures */ = {
			isa = PBXNativeTarget;
			buildConfigurationList = 727222B01BFC380200926B61 /* Build configuration list for PBXNativeTarget "HHDemo_Pictures" */;
			buildPhases = (
				727222891BFC380200926B61 /* Sources */,
				7272228A1BFC380200926B61 /* Frameworks */,
				7272228B1BFC380200926B61 /* Resources */,
			);
			buildRules = (
			);
			dependencies = (
			);
			name = HHDemo_Pictures;
			productName = HHDemo_Pictures;
			productReference = 7272228D1BFC380200926B61 /* HHDemo_Pictures.app */;
			productType = "com.apple.product-type.application";
		};
		727222A51BFC380200926B61 /* HHDemo_PicturesTests */ = {
			isa = PBXNativeTarget;
			buildConfigurationList = 727222B31BFC380200926B61 /* Build configuration list for PBXNativeTarget "HHDemo_PicturesTests" */;
			buildPhases = (
				727222A21BFC380200926B61 /* Sources */,
				727222A31BFC380200926B61 /* Frameworks */,
				727222A41BFC380200926B61 /* Resources */,
			);
			buildRules = (
			);
			dependencies = (
				727222A81BFC380200926B61 /* PBXTargetDependency */,
			);
			name = HHDemo_PicturesTests;
			productName = HHDemo_PicturesTests;
			productReference = 727222A61BFC380200926B61 /* HHDemo_PicturesTests.xctest */;
			productType = "com.apple.product-type.bundle.unit-test";
		};
/* End PBXNativeTarget section */

/* Begin PBXProject section */
		727222851BFC380200926B61 /* Project object */ = {
			isa = PBXProject;
			attributes = {
				CLASSPREFIX = HH;
				LastUpgradeCheck = 0640;
				ORGANIZATIONNAME = hehai;
				TargetAttributes = {
					7272228C1BFC380200926B61 = {
						CreatedOnToolsVersion = 6.4;
					};
					727222A51BFC380200926B61 = {
						CreatedOnToolsVersion = 6.4;
						TestTargetID = 7272228C1BFC380200926B61;
					};
				};
			};
			buildConfigurationList = 727222881BFC380200926B61 /* Build configuration list for PBXProject "HHDemo_Pictures" */;
			compatibilityVersion = "Xcode 3.2";
			developmentRegion = English;
			hasScannedForEncodings = 0;
			knownRegions = (
				en,
				Base,
			);
			mainGroup = 727222841BFC380200926B61;
			productRefGroup = 7272228E1BFC380200926B61 /* Products */;
			projectDirPath = "";
			projectRoot = "";
			targets = (
				7272228C1BFC380200926B61 /* HHDemo_Pictures */,
				727222A51BFC380200926B61 /* HHDemo_PicturesTests */,
			);
		};
/* End PBXProject section */

/* Begin PBXResourcesBuildPhase section */
		7272228B1BFC380200926B61 /* Resources */ = {
			isa = PBXResourcesBuildPhase;
			buildActionMask = 2147483647;
			files = (
				727222A11BFC380200926B61 /* LaunchScreen.xib in Resources */,
				727222D11BFC3F4A00926B61 /* HHPictureCell.xib in Resources */,
				7272229E1BFC380200926B61 /* Images.xcassets in Resources */,
			);
			runOnlyForDeploymentPostprocessing = 0;
		};
		727222A41BFC380200926B61 /* Resources */ = {
			isa = PBXResourcesBuildPhase;
			buildActionMask = 2147483647;
			files = (
			);
			runOnlyForDeploymentPostprocessing = 0;
		};
/* End PBXResourcesBuildPhase section */

/* Begin PBXSourcesBuildPhase section */
		727222891BFC380200926B61 /* Sources */ = {
			isa = PBXSourcesBuildPhase;
			buildActionMask = 2147483647;
			files = (
				727222CB1BFC3EF600926B61 /* HHPicturesViewController.m in Sources */,
				727222931BFC380200926B61 /* main.m in Sources */,
				727222D51BFC498000926B61 /* HHPictureModel.m in Sources */,
				727222D01BFC3F4A00926B61 /* HHPictureCell.m in Sources */,
				727222C81BFC3EF600926B61 /* AppDelegate.m in Sources */,
			);
			runOnlyForDeploymentPostprocessing = 0;
		};
		727222A21BFC380200926B61 /* Sources */ = {
			isa = PBXSourcesBuildPhase;
			buildActionMask = 2147483647;
			files = (
				727222AD1BFC380200926B61 /* HHDemo_PicturesTests.m in Sources */,
			);
			runOnlyForDeploymentPostprocessing = 0;
		};
/* End PBXSourcesBuildPhase section */

/* Begin PBXTargetDependency section */
		727222A81BFC380200926B61 /* PBXTargetDependency */ = {
			isa = PBXTargetDependency;
			target = 7272228C1BFC380200926B61 /* HHDemo_Pictures */;
			targetProxy = 727222A71BFC380200926B61 /* PBXContainerItemProxy */;
		};
/* End PBXTargetDependency section */

/* Begin PBXVariantGroup section */
		7272229F1BFC380200926B61 /* LaunchScreen.xib */ = {
			isa = PBXVariantGroup;
			children = (
				727222A01BFC380200926B61 /* Base */,
			);
			name = LaunchScreen.xib;
			sourceTree = "<group>";
		};
/* End PBXVariantGroup section */

/* Begin XCBuildConfiguration section */
		727222AE1BFC380200926B61 /* Debug */ = {
			isa = XCBuildConfiguration;
			buildSettings = {
				ALWAYS_SEARCH_USER_PATHS = NO;
				CLANG_CXX_LANGUAGE_STANDARD = "gnu++0x";
				CLANG_CXX_LIBRARY = "libc++";
				CLANG_ENABLE_MODULES = YES;
				CLANG_ENABLE_OBJC_ARC = YES;
				CLANG_WARN_BOOL_CONVERSION = YES;
				CLANG_WARN_CONSTANT_CONVERSION = YES;
				CLANG_WARN_DIRECT_OBJC_ISA_USAGE = YES_ERROR;
				CLANG_WARN_EMPTY_BODY = YES;
				CLANG_WARN_ENUM_CONVERSION = YES;
				CLANG_WARN_INT_CONVERSION = YES;
				CLANG_WARN_OBJC_ROOT_CLASS = YES_ERROR;
				CLANG_WARN_UNREACHABLE_CODE = YES;
				CLANG_WARN__DUPLICATE_METHOD_MATCH = YES;
				"CODE_SIGN_IDENTITY[sdk=iphoneos*]" = "iPhone Developer";
				COPY_PHASE_STRIP = NO;
				DEBUG_INFORMATION_FORMAT = "dwarf-with-dsym";
				ENABLE_STRICT_OBJC_MSGSEND = YES;
				GCC_C_LANGUAGE_STANDARD = gnu99;
				GCC_DYNAMIC_NO_PIC = NO;
				GCC_NO_COMMON_BLOCKS = YES;
				GCC_OPTIMIZATION_LEVEL = 0;
				GCC_PREPROCESSOR_DEFINITIONS = (
					"DEBUG=1",
					"$(inherited)",
				);
				GCC_SYMBOLS_PRIVATE_EXTERN = NO;
				GCC_WARN_64_TO_32_BIT_CONVERSION = YES;
				GCC_WARN_ABOUT_RETURN_TYPE = YES_ERROR;
				GCC_WARN_UNDECLARED_SELECTOR = YES;
				GCC_WARN_UNINITIALIZED_AUTOS = YES_AGGRESSIVE;
				GCC_WARN_UNUSED_FUNCTION = YES;
				GCC_WARN_UNUSED_VARIABLE = YES;
				IPHONEOS_DEPLOYMENT_TARGET = 8.4;
				MTL_ENABLE_DEBUG_INFO = YES;
				ONLY_ACTIVE_ARCH = YES;
				SDKROOT = iphoneos;
			};
			name = Debug;
		};
		727222AF1BFC380200926B61 /* Release */ = {
			isa = XCBuildConfiguration;
			buildSettings = {
				ALWAYS_SEARCH_USER_PATHS = NO;
				CLANG_CXX_LANGUAGE_STANDARD = "gnu++0x";
				CLANG_CXX_LIBRARY = "libc++";
				CLANG_ENABLE_MODULES = YES;
				CLANG_ENABLE_OBJC_ARC = YES;
				CLANG_WARN_BOOL_CONVERSION = YES;
				CLANG_WARN_CONSTANT_CONVERSION = YES;
				CLANG_WARN_DIRECT_OBJC_ISA_USAGE = YES_ERROR;
				CLANG_WARN_EMPTY_BODY = YES;
				CLANG_WARN_ENUM_CONVERSION = YES;
				CLANG_WARN_INT_CONVERSION = YES;
				CLANG_WARN_OBJC_ROOT_CLASS = YES_ERROR;
				CLANG_WARN_UNREACHABLE_CODE = YES;
				CLANG_WARN__DUPLICATE_METHOD_MATCH = YES;
				"CODE_SIGN_IDENTITY[sdk=iphoneos*]" = "iPhone Developer";
				COPY_PHASE_STRIP = NO;
				DEBUG_INFORMATION_FORMAT = "dwarf-with-dsym";
				ENABLE_NS_ASSERTIONS = NO;
				ENABLE_STRICT_OBJC_MSGSEND = YES;
				GCC_C_LANGUAGE_STANDARD = gnu99;
				GCC_NO_COMMON_BLOCKS = YES;
				GCC_WARN_64_TO_32_BIT_CONVERSION = YES;
				GCC_WARN_ABOUT_RETURN_TYPE = YES_ERROR;
				GCC_WARN_UNDECLARED_SELECTOR = YES;
				GCC_WARN_UNINITIALIZED_AUTOS = YES_AGGRESSIVE;
				GCC_WARN_UNUSED_FUNCTION = YES;
				GCC_WARN_UNUSED_VARIABLE = YES;
				IPHONEOS_DEPLOYMENT_TARGET = 8.4;
				MTL_ENABLE_DEBUG_INFO = NO;
				SDKROOT = iphoneos;
				VALIDATE_PRODUCT = YES;
			};
			name = Release;
		};
		727222B11BFC380200926B61 /* Debug */ = {
			isa = XCBuildConfiguration;
			buildSettings = {
				ASSETCATALOG_COMPILER_APPICON_NAME = AppIcon;
				CODE_SIGN_IDENTITY = "iPhone Developer";
				INFOPLIST_FILE = HHDemo_Pictures/Info.plist;
				LD_RUNPATH_SEARCH_PATHS = "$(inherited) @executable_path/Frameworks";
				PRODUCT_NAME = "$(TARGET_NAME)";
			};
			name = Debug;
		};
		727222B21BFC380200926B61 /* Release */ = {
			isa = XCBuildConfiguration;
			buildSettings = {
				ASSETCATALOG_COMPILER_APPICON_NAME = AppIcon;
				CODE_SIGN_IDENTITY = "iPhone Developer";
				INFOPLIST_FILE = HHDemo_Pictures/Info.plist;
				LD_RUNPATH_SEARCH_PATHS = "$(inherited) @executable_path/Frameworks";
				PRODUCT_NAME = "$(TARGET_NAME)";
			};
			name = Release;
		};
		727222B41BFC380200926B61 /* Debug */ = {
			isa = XCBuildConfiguration;
			buildSettings = {
				BUNDLE_LOADER = "$(TEST_HOST)";
				FRAMEWORK_SEARCH_PATHS = (
					"$(SDKROOT)/Developer/Library/Frameworks",
					"$(inherited)",
				);
				GCC_PREPROCESSOR_DEFINITIONS = (
					"DEBUG=1",
					"$(inherited)",
				);
				INFOPLIST_FILE = HHDemo_PicturesTests/Info.plist;
				LD_RUNPATH_SEARCH_PATHS = "$(inherited) @executable_path/Frameworks @loader_path/Frameworks";
				PRODUCT_NAME = "$(TARGET_NAME)";
				TEST_HOST = "$(BUILT_PRODUCTS_DIR)/HHDemo_Pictures.app/HHDemo_Pictures";
			};
			name = Debug;
		};
		727222B51BFC380200926B61 /* Release */ = {
			isa = XCBuildConfiguration;
			buildSettings = {
				BUNDLE_LOADER = "$(TEST_HOST)";
				FRAMEWORK_SEARCH_PATHS = (
					"$(SDKROOT)/Developer/Library/Frameworks",
					"$(inherited)",
				);
				INFOPLIST_FILE = HHDemo_PicturesTests/Info.plist;
				LD_RUNPATH_SEARCH_PATHS = "$(inherited) @executable_path/Frameworks @loader_path/Frameworks";
				PRODUCT_NAME = "$(TARGET_NAME)";
				TEST_HOST = "$(BUILT_PRODUCTS_DIR)/HHDemo_Pictures.app/HHDemo_Pictures";
			};
			name = Release;
		};
/* End XCBuildConfiguration section */

/* Begin XCConfigurationList section */
		727222881BFC380200926B61 /* Build configuration list for PBXProject "HHDemo_Pictures" */ = {
			isa = XCConfigurationList;
			buildConfigurations = (
				727222AE1BFC380200926B61 /* Debug */,
				727222AF1BFC380200926B61 /* Release */,
			);
			defaultConfigurationIsVisible = 0;
			defaultConfigurationName = Release;
		};
		727222B01BFC380200926B61 /* Build configuration list for PBXNativeTarget "HHDemo_Pictures" */ = {
			isa = XCConfigurationList;
			buildConfigurations = (
				727222B11BFC380200926B61 /* Debug */,
				727222B21BFC380200926B61 /* Release */,
			);
			defaultConfigurationIsVisible = 0;
			defaultConfigurationName = Release;
		};
		727222B31BFC380200926B61 /* Build configuration list for PBXNativeTarget "HHDemo_PicturesTests" */ = {
			isa = XCConfigurationList;
			buildConfigurations = (
				727222B41BFC380200926B61 /* Debug */,
				727222B51BFC380200926B61 /* Release */,
			);
			defaultConfigurationIsVisible = 0;
			defaultConfigurationName = Release;
		};
/* End XCConfigurationList section */
	};
	rootObject = 727222851BFC380200926B61 /* Project object */;
}
